{
  "lockfile_version": "1",
  "packages": {
    "age@latest": {
      "last_modified": "2025-02-07T11:26:36Z",
      "resolved": "github:NixOS/nixpkgs/d98abf5cf5914e5e4e9d57205e3af55ca90ffc1d#age",
      "source": "devbox-search",
      "version": "1.2.1",
      "systems": {
        "aarch64-darwin": {
          "outputs": [
            {
              "name": "out",
              "path": "/nix/store/25yv99a0063sj9iwmll3cd824li509zr-age-1.2.1",
              "default": true
            }
          ],
          "store_path": "/nix/store/25yv99a0063sj9iwmll3cd824li509zr-age-1.2.1"
        },
        "aarch64-linux": {
          "outputs": [
            {
              "name": "out",
              "path": "/nix/store/pkk14yxri15baxrmvmyb1d9i9zqnmii6-age-1.2.1",
              "default": true
            }
          ],
          "store_path": "/nix/store/pkk14yxri15baxrmvmyb1d9i9zqnmii6-age-1.2.1"
        },
        "x86_64-darwin": {
          "outputs": [
            {
              "name": "out",
              "path": "/nix/store/h2v8a0fs2hn042m9gp1ldaxvm263gy2y-age-1.2.1",
              "default": true
            }
          ],
          "store_path": "/nix/store/h2v8a0fs2hn042m9gp1ldaxvm263gy2y-age-1.2.1"
        },
        "x86_64-linux": {
          "outputs": [
            {
              "name": "out",
              "path": "/nix/store/lhsrq5ysah5jkzv8pjrcxra163k59mz1-age-1.2.1",
              "default": true
            }
          ],
          "store_path": "/nix/store/lhsrq5ysah5jkzv8pjrcxra163k59mz1-age-1.2.1"
        }
      }
    },
    "github:NixOS/nixpkgs/nixpkgs-unstable": {
      "resolved": "github:NixOS/nixpkgs/199169a2135e6b864a888e89a2ace345703c025d?lastModified=1740791350&narHash=sha256-igS2Z4tVw5W%2Fx3lCZeeadt0vcU9fxtetZ%2FRyrqsCRQ0%3D"
    },
    "nixos-anywhere@latest": {
      "last_modified": "2025-07-16T16:36:02Z",
      "resolved": "github:NixOS/nixpkgs/fa64ec5c1ca6f17746f3defedb988b9248e97616#nixos-anywhere",
      "source": "devbox-search",
      "version": "1.11.0",
      "systems": {
        "aarch64-darwin": {
          "outputs": [
            {
              "name": "out",
              "path": "/nix/store/81v3q06bphly0q6sdw4v2gdkg23ldc6q-nixos-anywhere-1.11.0",
              "default": true
            }
          ],
          "store_path": "/nix/store/81v3q06bphly0q6sdw4v2gdkg23ldc6q-nixos-anywhere-1.11.0"
        },
        "aarch64-linux": {
          "outputs": [
            {
              "name": "out",
              "path": "/nix/store/9d8kv9cbfhfcaz2nkdipjfavdpwv0gsm-nixos-anywhere-1.11.0",
              "default": true
            }
          ],
          "store_path": "/nix/store/9d8kv9cbfhfcaz2nkdipjfavdpwv0gsm-nixos-anywhere-1.11.0"
        },
        "x86_64-darwin": {
          "outputs": [
            {
              "name": "out",
              "path": "/nix/store/kys8657yi5zp576c12ndfg84dwwj3cz6-nixos-anywhere-1.11.0",
              "default": true
            }
          ],
          "store_path": "/nix/store/kys8657yi5zp576c12ndfg84dwwj3cz6-nixos-anywhere-1.11.0"
        },
        "x86_64-linux": {
          "outputs": [
            {
              "name": "out",
              "path": "/nix/store/rz6gj4w4c15v035bqjmyirnfsyn1283j-nixos-anywhere-1.11.0",
              "default": true
            }
          ],
          "store_path": "/nix/store/rz6gj4w4c15v035bqjmyirnfsyn1283j-nixos-anywhere-1.11.0"
        }
      }
    },
    "sops@latest": {
      "last_modified": "2025-02-07T11:26:36Z",
      "resolved": "github:NixOS/nixpkgs/d98abf5cf5914e5e4e9d57205e3af55ca90ffc1d#sops",
      "source": "devbox-search",
      "version": "3.9.4",
      "systems": {
        "aarch64-darwin": {
          "outputs": [
            {
              "name": "out",
              "path": "/nix/store/asfydw69f5cfz0k4h1xg7fyxrj4imsq5-sops-3.9.4",
              "default": true
            }
          ],
          "store_path": "/nix/store/asfydw69f5cfz0k4h1xg7fyxrj4imsq5-sops-3.9.4"
        },
        "aarch64-linux": {
          "outputs": [
            {
              "name": "out",
              "path": "/nix/store/6v3n9r22fhg4v6w3xm1sb8b4qj38vxy5-sops-3.9.4",
              "default": true
            }
          ],
          "store_path": "/nix/store/6v3n9r22fhg4v6w3xm1sb8b4qj38vxy5-sops-3.9.4"
        },
        "x86_64-darwin": {
          "outputs": [
            {
              "name": "out",
              "path": "/nix/store/w9daavpv6sgpw9qd4m64r12na46929hc-sops-3.9.4",
              "default": true
            }
          ],
          "store_path": "/nix/store/w9daavpv6sgpw9qd4m64r12na46929hc-sops-3.9.4"
        },
        "x86_64-linux": {
          "outputs": [
            {
              "name": "out",
              "path": "/nix/store/pgigk14vnxpp5qr30znvhvrdzc5wlqxj-sops-3.9.4",
              "default": true
            }
          ],
          "store_path": "/nix/store/pgigk14vnxpp5qr30znvhvrdzc5wlqxj-sops-3.9.4"
        }
      }
    },
    "ssh-to-age@latest": {
      "last_modified": "2025-02-07T11:26:36Z",
      "resolved": "github:NixOS/nixpkgs/d98abf5cf5914e5e4e9d57205e3af55ca90ffc1d#ssh-to-age",
      "source": "devbox-search",
      "version": "1.1.10",
      "systems": {
        "aarch64-darwin": {
          "outputs": [
            {
              "name": "out",
              "path": "/nix/store/mkgc4aqrqsjp0w7c6djx1ks6pp86jy5x-ssh-to-age-1.1.10",
              "default": true
            }
          ],
          "store_path": "/nix/store/mkgc4aqrqsjp0w7c6djx1ks6pp86jy5x-ssh-to-age-1.1.10"
        },
        "aarch64-linux": {
          "outputs": [
            {
              "name": "out",
              "path": "/nix/store/19832ij26kn1pkwr38srqrvzxn012rc2-ssh-to-age-1.1.10",
              "default": true
            }
          ],
          "store_path": "/nix/store/19832ij26kn1pkwr38srqrvzxn012rc2-ssh-to-age-1.1.10"
        },
        "x86_64-darwin": {
          "outputs": [
            {
              "name": "out",
              "path": "/nix/store/ckb0hxqjd1iab1n1n51xcla3fb9q7891-ssh-to-age-1.1.10",
              "default": true
            }
          ],
          "store_path": "/nix/store/ckb0hxqjd1iab1n1n51xcla3fb9q7891-ssh-to-age-1.1.10"
        },
        "x86_64-linux": {
          "outputs": [
            {
              "name": "out",
              "path": "/nix/store/fg4kylr62kq0jfwkriy1hqc7bls15blj-ssh-to-age-1.1.10",
              "default": true
            }
          ],
          "store_path": "/nix/store/fg4kylr62kq0jfwkriy1hqc7bls15blj-ssh-to-age-1.1.10"
        }
      }
    }
  }
}
