{
  "nodes": {
    "hardware": {
      "locked": {
        "lastModified": 1737306472,
        "narHash": "sha256-+X9KAryvDsIE7lQ0FdfiD1u33nOVgsgufedqspf77N4=",
        "owner": "nixos",
        "repo": "nixos-hardware",
        "rev": "cb3173dc5c746fa95bca1f035a7e4d2b588894ac",
        "type": "github"
      },
      "original": {
        "owner": "nixos",
        "repo": "nixos-hardware",
        "type": "github"
      }
    },
    "home-manager": {
      "inputs": {
        "nixpkgs": [
          "nixpkgs"
        ]
      },
      "locked": {
        "lastModified": 1736883540,
        "narHash": "sha256-dgPgoPUSg8cGAMqbhQRkww665sZtgzpWXxWjlyqhv94=",
        "owner": "nix-community",
        "repo": "home-manager",
        "rev": "0dfec9deb275854a56c97c356c40ef72e3a2e632",
        "type": "github"
      },
      "original": {
        "owner": "nix-community",
        "repo": "home-manager",
        "type": "github"
      }
    },
    "nix-darwin": {
      "inputs": {
        "nixpkgs": [
          "nixpkgs"
        ]
      },
      "locked": {
        "lastModified": 1736819234,
        "narHash": "sha256-deQVtIH4UJueELJqluAICUtX7OosD9paTP+5FgbiSwI=",
        "owner": "LnL7",
        "repo": "nix-darwin",
        "rev": "bd921223ba7cdac346477d7ea5204d6f4736fcc6",
        "type": "github"
      },
      "original": {
        "owner": "LnL7",
        "repo": "nix-darwin",
        "type": "github"
      }
    },
    "nixpkgs": {
      "locked": {
        "lastModified": 1737137062,
        "narHash": "sha256-Xc0qJ49Rxd3NXOqgLWZy32Y+wwXrjolOornVyJZAI8k=",
        "owner": "NixOS",
        "repo": "nixpkgs",
        "rev": "df5a154f887ace80bcbea9b1e93622e1652ac0cb",
        "type": "github"
      },
      "original": {
        "owner": "NixOS",
        "ref": "staging-next",
        "repo": "nixpkgs",
        "type": "github"
      }
    },
    "root": {
      "inputs": {
        "hardware": "hardware",
        "home-manager": "home-manager",
        "nix-darwin": "nix-darwin",
        "nixpkgs": "nixpkgs",
        "sops-nix": "sops-nix"
      }
    },
    "sops-nix": {
      "inputs": {
        "nixpkgs": [
          "nixpkgs"
        ]
      },
      "locked": {
        "lastModified": 1736808430,
        "narHash": "sha256-wlgdf/n7bJMLBheqt1jmPoxJFrUP6FByKQFXuM9YvIk=",
        "owner": "Mic92",
        "repo": "sops-nix",
        "rev": "553c7cb22fed19fd60eb310423fdc93045c51ba8",
        "type": "github"
      },
      "original": {
        "owner": "Mic92",
        "repo": "sops-nix",
        "type": "github"
      }
    }
  },
  "root": "root",
  "version": 7
}
